
Microsoft Visual Studio Solution File, Format Version 12.00
# Visual Studio 15
VisualStudioVersion = 15.0.28010.2041
MinimumVisualStudioVersion = 10.0.40219.1
Project("{FAE04EC0-301F-11D3-BF4B-00C04F79EFBC}") = "ScoularDemo.Android", "ScoularDemo\ScoularDemo.Android\ScoularDemo.Android.csproj", "{1E7568CD-FB1A-4678-ABBF-A76014001A70}"
EndProject
Project("{FAE04EC0-301F-11D3-BF4B-00C04F79EFBC}") = "ScoularDemo.iOS", "ScoularDemo\ScoularDemo.iOS\ScoularDemo.iOS.csproj", "{8722A157-F427-4DC3-ADC0-B011C99633D6}"
EndProject
Project("{FAE04EC0-301F-11D3-BF4B-00C04F79EFBC}") = "ScoularDemo.UWP", "ScoularDemo\ScoularDemo.UWP\ScoularDemo.UWP.csproj", "{05C21E91-1FCD-4EA2-90AA-C9C5BC442F5D}"
EndProject
Project("{D954291E-2A0B-460D-934E-DC6B0785DB48}") = "ScoularDemo", "ScoularDemo\ScoularDemo\ScoularDemo.shproj", "{6AA04904-3599-4BF8-95EC-91B13225FA8B}"
EndProject
Global
	GlobalSection(SharedMSBuildProjectFiles) = preSolution
		ScoularDemo\ScoularDemo\ScoularDemo.projitems*{05c21e91-1fcd-4ea2-90aa-c9c5bc442f5d}*SharedItemsImports = 4
		ScoularDemo\ScoularDemo\ScoularDemo.projitems*{1e7568cd-fb1a-4678-abbf-a76014001a70}*SharedItemsImports = 4
		ScoularDemo\ScoularDemo\ScoularDemo.projitems*{6aa04904-3599-4bf8-95ec-91b13225fa8b}*SharedItemsImports = 13
		ScoularDemo\ScoularDemo\ScoularDemo.projitems*{8722a157-f427-4dc3-adc0-b011c99633d6}*SharedItemsImports = 4
	EndGlobalSection
	GlobalSection(SolutionConfigurationPlatforms) = preSolution
		Ad-Hoc|Any CPU = Ad-Hoc|Any CPU
		Ad-Hoc|ARM = Ad-Hoc|ARM
		Ad-Hoc|iPhone = Ad-Hoc|iPhone
		Ad-Hoc|iPhoneSimulator = Ad-Hoc|iPhoneSimulator
		Ad-Hoc|x64 = Ad-Hoc|x64
		Ad-Hoc|x86 = Ad-Hoc|x86
		AppStore|Any CPU = AppStore|Any CPU
		AppStore|ARM = AppStore|ARM
		AppStore|iPhone = AppStore|iPhone
		AppStore|iPhoneSimulator = AppStore|iPhoneSimulator
		AppStore|x64 = AppStore|x64
		AppStore|x86 = AppStore|x86
		Debug|Any CPU = Debug|Any CPU
		Debug|ARM = Debug|ARM
		Debug|iPhone = Debug|iPhone
		Debug|iPhoneSimulator = Debug|iPhoneSimulator
		Debug|x64 = Debug|x64
		Debug|x86 = Debug|x86
		Release|Any CPU = Release|Any CPU
		Release|ARM = Release|ARM
		Release|iPhone = Release|iPhone
		Release|iPhoneSimulator = Release|iPhoneSimulator
		Release|x64 = Release|x64
		Release|x86 = Release|x86
	EndGlobalSection
	GlobalSection(ProjectConfigurationPlatforms) = postSolution
		{1E7568CD-FB1A-4678-ABBF-A76014001A70}.Ad-Hoc|Any CPU.ActiveCfg = Release|Any CPU
		{1E7568CD-FB1A-4678-ABBF-A76014001A70}.Ad-Hoc|Any CPU.Build.0 = Release|Any CPU
		{1E7568CD-FB1A-4678-ABBF-A76014001A70}.Ad-Hoc|Any CPU.Deploy.0 = Release|Any CPU
		{1E7568CD-FB1A-4678-ABBF-A76014001A70}.Ad-Hoc|ARM.ActiveCfg = Release|Any CPU
		{1E7568CD-FB1A-4678-ABBF-A76014001A70}.Ad-Hoc|ARM.Build.0 = Release|Any CPU
		{1E7568CD-FB1A-4678-ABBF-A76014001A70}.Ad-Hoc|ARM.Deploy.0 = Release|Any CPU
		{1E7568CD-FB1A-4678-ABBF-A76014001A70}.Ad-Hoc|iPhone.ActiveCfg = Release|Any CPU
		{1E7568CD-FB1A-4678-ABBF-A76014001A70}.Ad-Hoc|iPhone.Build.0 = Release|Any CPU
		{1E7568CD-FB1A-4678-ABBF-A76014001A70}.Ad-Hoc|iPhone.Deploy.0 = Release|Any CPU
		{1E7568CD-FB1A-4678-ABBF-A76014001A70}.Ad-Hoc|iPhoneSimulator.ActiveCfg = Release|Any CPU
		{1E7568CD-FB1A-4678-ABBF-A76014001A70}.Ad-Hoc|iPhoneSimulator.Build.0 = Release|Any CPU
		{1E7568CD-FB1A-4678-ABBF-A76014001A70}.Ad-Hoc|iPhoneSimulator.Deploy.0 = Release|Any CPU
		{1E7568CD-FB1A-4678-ABBF-A76014001A70}.Ad-Hoc|x64.ActiveCfg = Release|Any CPU
		{1E7568CD-FB1A-4678-ABBF-A76014001A70}.Ad-Hoc|x64.Build.0 = Release|Any CPU
		{1E7568CD-FB1A-4678-ABBF-A76014001A70}.Ad-Hoc|x64.Deploy.0 = Release|Any CPU
		{1E7568CD-FB1A-4678-ABBF-A76014001A70}.Ad-Hoc|x86.ActiveCfg = Release|Any CPU
		{1E7568CD-FB1A-4678-ABBF-A76014001A70}.Ad-Hoc|x86.Build.0 = Release|Any CPU
		{1E7568CD-FB1A-4678-ABBF-A76014001A70}.Ad-Hoc|x86.Deploy.0 = Release|Any CPU
		{1E7568CD-FB1A-4678-ABBF-A76014001A70}.AppStore|Any CPU.ActiveCfg = Release|Any CPU
		{1E7568CD-FB1A-4678-ABBF-A76014001A70}.AppStore|Any CPU.Build.0 = Release|Any CPU
		{1E7568CD-FB1A-4678-ABBF-A76014001A70}.AppStore|Any CPU.Deploy.0 = Release|Any CPU
		{1E7568CD-FB1A-4678-ABBF-A76014001A70}.AppStore|ARM.ActiveCfg = Release|Any CPU
		{1E7568CD-FB1A-4678-ABBF-A76014001A70}.AppStore|ARM.Build.0 = Release|Any CPU
		{1E7568CD-FB1A-4678-ABBF-A76014001A70}.AppStore|ARM.Deploy.0 = Release|Any CPU
		{1E7568CD-FB1A-4678-ABBF-A76014001A70}.AppStore|iPhone.ActiveCfg = Release|Any CPU
		{1E7568CD-FB1A-4678-ABBF-A76014001A70}.AppStore|iPhone.Build.0 = Release|Any CPU
		{1E7568CD-FB1A-4678-ABBF-A76014001A70}.AppStore|iPhone.Deploy.0 = Release|Any CPU
		{1E7568CD-FB1A-4678-ABBF-A76014001A70}.AppStore|iPhoneSimulator.ActiveCfg = Release|Any CPU
		{1E7568CD-FB1A-4678-ABBF-A76014001A70}.AppStore|iPhoneSimulator.Build.0 = Release|Any CPU
		{1E7568CD-FB1A-4678-ABBF-A76014001A70}.AppStore|iPhoneSimulator.Deploy.0 = Release|Any CPU
		{1E7568CD-FB1A-4678-ABBF-A76014001A70}.AppStore|x64.ActiveCfg = Release|Any CPU
		{1E7568CD-FB1A-4678-ABBF-A76014001A70}.AppStore|x64.Build.0 = Release|Any CPU
		{1E7568CD-FB1A-4678-ABBF-A76014001A70}.AppStore|x64.Deploy.0 = Release|Any CPU
		{1E7568CD-FB1A-4678-ABBF-A76014001A70}.AppStore|x86.ActiveCfg = Release|Any CPU
		{1E7568CD-FB1A-4678-ABBF-A76014001A70}.AppStore|x86.Build.0 = Release|Any CPU
		{1E7568CD-FB1A-4678-ABBF-A76014001A70}.AppStore|x86.Deploy.0 = Release|Any CPU
		{1E7568CD-FB1A-4678-ABBF-A76014001A70}.Debug|Any CPU.ActiveCfg = Debug|Any CPU
		{1E7568CD-FB1A-4678-ABBF-A76014001A70}.Debug|Any CPU.Build.0 = Debug|Any CPU
		{1E7568CD-FB1A-4678-ABBF-A76014001A70}.Debug|Any CPU.Deploy.0 = Debug|Any CPU
		{1E7568CD-FB1A-4678-ABBF-A76014001A70}.Debug|ARM.ActiveCfg = Debug|Any CPU
		{1E7568CD-FB1A-4678-ABBF-A76014001A70}.Debug|ARM.Build.0 = Debug|Any CPU
		{1E7568CD-FB1A-4678-ABBF-A76014001A70}.Debug|ARM.Deploy.0 = Debug|Any CPU
		{1E7568CD-FB1A-4678-ABBF-A76014001A70}.Debug|iPhone.ActiveCfg = Debug|Any CPU
		{1E7568CD-FB1A-4678-ABBF-A76014001A70}.Debug|iPhone.Build.0 = Debug|Any CPU
		{1E7568CD-FB1A-4678-ABBF-A76014001A70}.Debug|iPhone.Deploy.0 = Debug|Any CPU
		{1E7568CD-FB1A-4678-ABBF-A76014001A70}.Debug|iPhoneSimulator.ActiveCfg = Debug|Any CPU
		{1E7568CD-FB1A-4678-ABBF-A76014001A70}.Debug|iPhoneSimulator.Build.0 = Debug|Any CPU
		{1E7568CD-FB1A-4678-ABBF-A76014001A70}.Debug|iPhoneSimulator.Deploy.0 = Debug|Any CPU
		{1E7568CD-FB1A-4678-ABBF-A76014001A70}.Debug|x64.ActiveCfg = Debug|Any CPU
		{1E7568CD-FB1A-4678-ABBF-A76014001A70}.Debug|x64.Build.0 = Debug|Any CPU
		{1E7568CD-FB1A-4678-ABBF-A76014001A70}.Debug|x64.Deploy.0 = Debug|Any CPU
		{1E7568CD-FB1A-4678-ABBF-A76014001A70}.Debug|x86.ActiveCfg = Debug|Any CPU
		{1E7568CD-FB1A-4678-ABBF-A76014001A70}.Debug|x86.Build.0 = Debug|Any CPU
		{1E7568CD-FB1A-4678-ABBF-A76014001A70}.Debug|x86.Deploy.0 = Debug|Any CPU
		{1E7568CD-FB1A-4678-ABBF-A76014001A70}.Release|Any CPU.ActiveCfg = Release|Any CPU
		{1E7568CD-FB1A-4678-ABBF-A76014001A70}.Release|Any CPU.Build.0 = Release|Any CPU
		{1E7568CD-FB1A-4678-ABBF-A76014001A70}.Release|Any CPU.Deploy.0 = Release|Any CPU
		{1E7568CD-FB1A-4678-ABBF-A76014001A70}.Release|ARM.ActiveCfg = Release|Any CPU
		{1E7568CD-FB1A-4678-ABBF-A76014001A70}.Release|ARM.Build.0 = Release|Any CPU
		{1E7568CD-FB1A-4678-ABBF-A76014001A70}.Release|ARM.Deploy.0 = Release|Any CPU
		{1E7568CD-FB1A-4678-ABBF-A76014001A70}.Release|iPhone.ActiveCfg = Release|Any CPU
		{1E7568CD-FB1A-4678-ABBF-A76014001A70}.Release|iPhone.Build.0 = Release|Any CPU
		{1E7568CD-FB1A-4678-ABBF-A76014001A70}.Release|iPhone.Deploy.0 = Release|Any CPU
		{1E7568CD-FB1A-4678-ABBF-A76014001A70}.Release|iPhoneSimulator.ActiveCfg = Release|Any CPU
		{1E7568CD-FB1A-4678-ABBF-A76014001A70}.Release|iPhoneSimulator.Build.0 = Release|Any CPU
		{1E7568CD-FB1A-4678-ABBF-A76014001A70}.Release|iPhoneSimulator.Deploy.0 = Release|Any CPU
		{1E7568CD-FB1A-4678-ABBF-A76014001A70}.Release|x64.ActiveCfg = Release|Any CPU
		{1E7568CD-FB1A-4678-ABBF-A76014001A70}.Release|x64.Build.0 = Release|Any CPU
		{1E7568CD-FB1A-4678-ABBF-A76014001A70}.Release|x64.Deploy.0 = Release|Any CPU
		{1E7568CD-FB1A-4678-ABBF-A76014001A70}.Release|x86.ActiveCfg = Release|Any CPU
		{1E7568CD-FB1A-4678-ABBF-A76014001A70}.Release|x86.Build.0 = Release|Any CPU
		{1E7568CD-FB1A-4678-ABBF-A76014001A70}.Release|x86.Deploy.0 = Release|Any CPU
		{8722A157-F427-4DC3-ADC0-B011C99633D6}.Ad-Hoc|Any CPU.ActiveCfg = Ad-Hoc|iPhone
		{8722A157-F427-4DC3-ADC0-B011C99633D6}.Ad-Hoc|Any CPU.Build.0 = Ad-Hoc|iPhone
		{8722A157-F427-4DC3-ADC0-B011C99633D6}.Ad-Hoc|Any CPU.Deploy.0 = Ad-Hoc|iPhone
		{8722A157-F427-4DC3-ADC0-B011C99633D6}.Ad-Hoc|ARM.ActiveCfg = Ad-Hoc|iPhone
		{8722A157-F427-4DC3-ADC0-B011C99633D6}.Ad-Hoc|ARM.Build.0 = Ad-Hoc|iPhone
		{8722A157-F427-4DC3-ADC0-B011C99633D6}.Ad-Hoc|ARM.Deploy.0 = Ad-Hoc|iPhone
		{8722A157-F427-4DC3-ADC0-B011C99633D6}.Ad-Hoc|iPhone.ActiveCfg = Ad-Hoc|iPhone
		{8722A157-F427-4DC3-ADC0-B011C99633D6}.Ad-Hoc|iPhone.Build.0 = Ad-Hoc|iPhone
		{8722A157-F427-4DC3-ADC0-B011C99633D6}.Ad-Hoc|iPhone.Deploy.0 = Ad-Hoc|iPhone
		{8722A157-F427-4DC3-ADC0-B011C99633D6}.Ad-Hoc|iPhoneSimulator.ActiveCfg = Ad-Hoc|iPhoneSimulator
		{8722A157-F427-4DC3-ADC0-B011C99633D6}.Ad-Hoc|iPhoneSimulator.Build.0 = Ad-Hoc|iPhoneSimulator
		{8722A157-F427-4DC3-ADC0-B011C99633D6}.Ad-Hoc|iPhoneSimulator.Deploy.0 = Ad-Hoc|iPhoneSimulator
		{8722A157-F427-4DC3-ADC0-B011C99633D6}.Ad-Hoc|x64.ActiveCfg = Ad-Hoc|iPhone
		{8722A157-F427-4DC3-ADC0-B011C99633D6}.Ad-Hoc|x64.Build.0 = Ad-Hoc|iPhone
		{8722A157-F427-4DC3-ADC0-B011C99633D6}.Ad-Hoc|x64.Deploy.0 = Ad-Hoc|iPhone
		{8722A157-F427-4DC3-ADC0-B011C99633D6}.Ad-Hoc|x86.ActiveCfg = Ad-Hoc|iPhone
		{8722A157-F427-4DC3-ADC0-B011C99633D6}.Ad-Hoc|x86.Build.0 = Ad-Hoc|iPhone
		{8722A157-F427-4DC3-ADC0-B011C99633D6}.Ad-Hoc|x86.Deploy.0 = Ad-Hoc|iPhone
		{8722A157-F427-4DC3-ADC0-B011C99633D6}.AppStore|Any CPU.ActiveCfg = AppStore|iPhone
		{8722A157-F427-4DC3-ADC0-B011C99633D6}.AppStore|Any CPU.Build.0 = AppStore|iPhone
		{8722A157-F427-4DC3-ADC0-B011C99633D6}.AppStore|Any CPU.Deploy.0 = AppStore|iPhone
		{8722A157-F427-4DC3-ADC0-B011C99633D6}.AppStore|ARM.ActiveCfg = AppStore|iPhone
		{8722A157-F427-4DC3-ADC0-B011C99633D6}.AppStore|ARM.Build.0 = AppStore|iPhone
		{8722A157-F427-4DC3-ADC0-B011C99633D6}.AppStore|ARM.Deploy.0 = AppStore|iPhone
		{8722A157-F427-4DC3-ADC0-B011C99633D6}.AppStore|iPhone.ActiveCfg = AppStore|iPhone
		{8722A157-F427-4DC3-ADC0-B011C99633D6}.AppStore|iPhone.Build.0 = AppStore|iPhone
		{8722A157-F427-4DC3-ADC0-B011C99633D6}.AppStore|iPhone.Deploy.0 = AppStore|iPhone
		{8722A157-F427-4DC3-ADC0-B011C99633D6}.AppStore|iPhoneSimulator.ActiveCfg = AppStore|iPhoneSimulator
		{8722A157-F427-4DC3-ADC0-B011C99633D6}.AppStore|iPhoneSimulator.Build.0 = AppStore|iPhoneSimulator
		{8722A157-F427-4DC3-ADC0-B011C99633D6}.AppStore|iPhoneSimulator.Deploy.0 = AppStore|iPhoneSimulator
		{8722A157-F427-4DC3-ADC0-B011C99633D6}.AppStore|x64.ActiveCfg = AppStore|iPhone
		{8722A157-F427-4DC3-ADC0-B011C99633D6}.AppStore|x64.Build.0 = AppStore|iPhone
		{8722A157-F427-4DC3-ADC0-B011C99633D6}.AppStore|x64.Deploy.0 = AppStore|iPhone
		{8722A157-F427-4DC3-ADC0-B011C99633D6}.AppStore|x86.ActiveCfg = AppStore|iPhone
		{8722A157-F427-4DC3-ADC0-B011C99633D6}.AppStore|x86.Build.0 = AppStore|iPhone
		{8722A157-F427-4DC3-ADC0-B011C99633D6}.AppStore|x86.Deploy.0 = AppStore|iPhone
		{8722A157-F427-4DC3-ADC0-B011C99633D6}.Debug|Any CPU.ActiveCfg = Debug|iPhoneSimulator
		{8722A157-F427-4DC3-ADC0-B011C99633D6}.Debug|Any CPU.Build.0 = Debug|iPhoneSimulator
		{8722A157-F427-4DC3-ADC0-B011C99633D6}.Debug|Any CPU.Deploy.0 = Debug|iPhoneSimulator
		{8722A157-F427-4DC3-ADC0-B011C99633D6}.Debug|ARM.ActiveCfg = Debug|iPhone
		{8722A157-F427-4DC3-ADC0-B011C99633D6}.Debug|ARM.Build.0 = Debug|iPhone
		{8722A157-F427-4DC3-ADC0-B011C99633D6}.Debug|ARM.Deploy.0 = Debug|iPhone
		{8722A157-F427-4DC3-ADC0-B011C99633D6}.Debug|iPhone.ActiveCfg = Debug|iPhone
		{8722A157-F427-4DC3-ADC0-B011C99633D6}.Debug|iPhone.Build.0 = Debug|iPhone
		{8722A157-F427-4DC3-ADC0-B011C99633D6}.Debug|iPhone.Deploy.0 = Debug|iPhone
		{8722A157-F427-4DC3-ADC0-B011C99633D6}.Debug|iPhoneSimulator.ActiveCfg = Debug|iPhoneSimulator
		{8722A157-F427-4DC3-ADC0-B011C99633D6}.Debug|iPhoneSimulator.Build.0 = Debug|iPhoneSimulator
		{8722A157-F427-4DC3-ADC0-B011C99633D6}.Debug|iPhoneSimulator.Deploy.0 = Debug|iPhoneSimulator
		{8722A157-F427-4DC3-ADC0-B011C99633D6}.Debug|x64.ActiveCfg = Debug|iPhone
		{8722A157-F427-4DC3-ADC0-B011C99633D6}.Debug|x64.Build.0 = Debug|iPhone
		{8722A157-F427-4DC3-ADC0-B011C99633D6}.Debug|x64.Deploy.0 = Debug|iPhone
		{8722A157-F427-4DC3-ADC0-B011C99633D6}.Debug|x86.ActiveCfg = Debug|iPhone
		{8722A157-F427-4DC3-ADC0-B011C99633D6}.Debug|x86.Build.0 = Debug|iPhone
		{8722A157-F427-4DC3-ADC0-B011C99633D6}.Debug|x86.Deploy.0 = Debug|iPhone
		{8722A157-F427-4DC3-ADC0-B011C99633D6}.Release|Any CPU.ActiveCfg = Release|iPhone
		{8722A157-F427-4DC3-ADC0-B011C99633D6}.Release|Any CPU.Build.0 = Release|iPhone
		{8722A157-F427-4DC3-ADC0-B011C99633D6}.Release|Any CPU.Deploy.0 = Release|iPhone
		{8722A157-F427-4DC3-ADC0-B011C99633D6}.Release|ARM.ActiveCfg = Release|iPhone
		{8722A157-F427-4DC3-ADC0-B011C99633D6}.Release|ARM.Build.0 = Release|iPhone
		{8722A157-F427-4DC3-ADC0-B011C99633D6}.Release|ARM.Deploy.0 = Release|iPhone
		{8722A157-F427-4DC3-ADC0-B011C99633D6}.Release|iPhone.ActiveCfg = Release|iPhone
		{8722A157-F427-4DC3-ADC0-B011C99633D6}.Release|iPhone.Build.0 = Release|iPhone
		{8722A157-F427-4DC3-ADC0-B011C99633D6}.Release|iPhone.Deploy.0 = Release|iPhone
		{8722A157-F427-4DC3-ADC0-B011C99633D6}.Release|iPhoneSimulator.ActiveCfg = Release|iPhoneSimulator
		{8722A157-F427-4DC3-ADC0-B011C99633D6}.Release|iPhoneSimulator.Build.0 = Release|iPhoneSimulator
		{8722A157-F427-4DC3-ADC0-B011C99633D6}.Release|iPhoneSimulator.Deploy.0 = Release|iPhoneSimulator
		{8722A157-F427-4DC3-ADC0-B011C99633D6}.Release|x64.ActiveCfg = Release|iPhone
		{8722A157-F427-4DC3-ADC0-B011C99633D6}.Release|x64.Build.0 = Release|iPhone
		{8722A157-F427-4DC3-ADC0-B011C99633D6}.Release|x64.Deploy.0 = Release|iPhone
		{8722A157-F427-4DC3-ADC0-B011C99633D6}.Release|x86.ActiveCfg = Release|iPhone
		{8722A157-F427-4DC3-ADC0-B011C99633D6}.Release|x86.Build.0 = Release|iPhone
		{8722A157-F427-4DC3-ADC0-B011C99633D6}.Release|x86.Deploy.0 = Release|iPhone
		{05C21E91-1FCD-4EA2-90AA-C9C5BC442F5D}.Ad-Hoc|Any CPU.ActiveCfg = Release|x86
		{05C21E91-1FCD-4EA2-90AA-C9C5BC442F5D}.Ad-Hoc|Any CPU.Build.0 = Release|x86
		{05C21E91-1FCD-4EA2-90AA-C9C5BC442F5D}.Ad-Hoc|Any CPU.Deploy.0 = Release|x86
		{05C21E91-1FCD-4EA2-90AA-C9C5BC442F5D}.Ad-Hoc|ARM.ActiveCfg = Release|ARM
		{05C21E91-1FCD-4EA2-90AA-C9C5BC442F5D}.Ad-Hoc|ARM.Build.0 = Release|ARM
		{05C21E91-1FCD-4EA2-90AA-C9C5BC442F5D}.Ad-Hoc|ARM.Deploy.0 = Release|ARM
		{05C21E91-1FCD-4EA2-90AA-C9C5BC442F5D}.Ad-Hoc|iPhone.ActiveCfg = Release|x86
		{05C21E91-1FCD-4EA2-90AA-C9C5BC442F5D}.Ad-Hoc|iPhone.Build.0 = Release|x86
		{05C21E91-1FCD-4EA2-90AA-C9C5BC442F5D}.Ad-Hoc|iPhone.Deploy.0 = Release|x86
		{05C21E91-1FCD-4EA2-90AA-C9C5BC442F5D}.Ad-Hoc|iPhoneSimulator.ActiveCfg = Release|x86
		{05C21E91-1FCD-4EA2-90AA-C9C5BC442F5D}.Ad-Hoc|iPhoneSimulator.Build.0 = Release|x86
		{05C21E91-1FCD-4EA2-90AA-C9C5BC442F5D}.Ad-Hoc|iPhoneSimulator.Deploy.0 = Release|x86
		{05C21E91-1FCD-4EA2-90AA-C9C5BC442F5D}.Ad-Hoc|x64.ActiveCfg = Release|x64
		{05C21E91-1FCD-4EA2-90AA-C9C5BC442F5D}.Ad-Hoc|x64.Build.0 = Release|x64
		{05C21E91-1FCD-4EA2-90AA-C9C5BC442F5D}.Ad-Hoc|x64.Deploy.0 = Release|x64
		{05C21E91-1FCD-4EA2-90AA-C9C5BC442F5D}.Ad-Hoc|x86.ActiveCfg = Release|x86
		{05C21E91-1FCD-4EA2-90AA-C9C5BC442F5D}.Ad-Hoc|x86.Build.0 = Release|x86
		{05C21E91-1FCD-4EA2-90AA-C9C5BC442F5D}.Ad-Hoc|x86.Deploy.0 = Release|x86
		{05C21E91-1FCD-4EA2-90AA-C9C5BC442F5D}.AppStore|Any CPU.ActiveCfg = Release|x86
		{05C21E91-1FCD-4EA2-90AA-C9C5BC442F5D}.AppStore|Any CPU.Build.0 = Release|x86
		{05C21E91-1FCD-4EA2-90AA-C9C5BC442F5D}.AppStore|Any CPU.Deploy.0 = Release|x86
		{05C21E91-1FCD-4EA2-90AA-C9C5BC442F5D}.AppStore|ARM.ActiveCfg = Release|ARM
		{05C21E91-1FCD-4EA2-90AA-C9C5BC442F5D}.AppStore|ARM.Build.0 = Release|ARM
		{05C21E91-1FCD-4EA2-90AA-C9C5BC442F5D}.AppStore|ARM.Deploy.0 = Release|ARM
		{05C21E91-1FCD-4EA2-90AA-C9C5BC442F5D}.AppStore|iPhone.ActiveCfg = Release|x86
		{05C21E91-1FCD-4EA2-90AA-C9C5BC442F5D}.AppStore|iPhone.Build.0 = Release|x86
		{05C21E91-1FCD-4EA2-90AA-C9C5BC442F5D}.AppStore|iPhone.Deploy.0 = Release|x86
		{05C21E91-1FCD-4EA2-90AA-C9C5BC442F5D}.AppStore|iPhoneSimulator.ActiveCfg = Release|x86
		{05C21E91-1FCD-4EA2-90AA-C9C5BC442F5D}.AppStore|iPhoneSimulator.Build.0 = Release|x86
		{05C21E91-1FCD-4EA2-90AA-C9C5BC442F5D}.AppStore|iPhoneSimulator.Deploy.0 = Release|x86
		{05C21E91-1FCD-4EA2-90AA-C9C5BC442F5D}.AppStore|x64.ActiveCfg = Release|x64
		{05C21E91-1FCD-4EA2-90AA-C9C5BC442F5D}.AppStore|x64.Build.0 = Release|x64
		{05C21E91-1FCD-4EA2-90AA-C9C5BC442F5D}.AppStore|x64.Deploy.0 = Release|x64
		{05C21E91-1FCD-4EA2-90AA-C9C5BC442F5D}.AppStore|x86.ActiveCfg = Release|x86
		{05C21E91-1FCD-4EA2-90AA-C9C5BC442F5D}.AppStore|x86.Build.0 = Release|x86
		{05C21E91-1FCD-4EA2-90AA-C9C5BC442F5D}.AppStore|x86.Deploy.0 = Release|x86
		{05C21E91-1FCD-4EA2-90AA-C9C5BC442F5D}.Debug|Any CPU.ActiveCfg = Debug|x86
		{05C21E91-1FCD-4EA2-90AA-C9C5BC442F5D}.Debug|Any CPU.Build.0 = Debug|x86
		{05C21E91-1FCD-4EA2-90AA-C9C5BC442F5D}.Debug|Any CPU.Deploy.0 = Debug|x86
		{05C21E91-1FCD-4EA2-90AA-C9C5BC442F5D}.Debug|ARM.ActiveCfg = Debug|ARM
		{05C21E91-1FCD-4EA2-90AA-C9C5BC442F5D}.Debug|ARM.Build.0 = Debug|ARM
		{05C21E91-1FCD-4EA2-90AA-C9C5BC442F5D}.Debug|ARM.Deploy.0 = Debug|ARM
		{05C21E91-1FCD-4EA2-90AA-C9C5BC442F5D}.Debug|iPhone.ActiveCfg = Debug|x86
		{05C21E91-1FCD-4EA2-90AA-C9C5BC442F5D}.Debug|iPhone.Build.0 = Debug|x86
		{05C21E91-1FCD-4EA2-90AA-C9C5BC442F5D}.Debug|iPhone.Deploy.0 = Debug|x86
		{05C21E91-1FCD-4EA2-90AA-C9C5BC442F5D}.Debug|iPhoneSimulator.ActiveCfg = Debug|x86
		{05C21E91-1FCD-4EA2-90AA-C9C5BC442F5D}.Debug|iPhoneSimulator.Build.0 = Debug|x86
		{05C21E91-1FCD-4EA2-90AA-C9C5BC442F5D}.Debug|iPhoneSimulator.Deploy.0 = Debug|x86
		{05C21E91-1FCD-4EA2-90AA-C9C5BC442F5D}.Debug|x64.ActiveCfg = Debug|x64
		{05C21E91-1FCD-4EA2-90AA-C9C5BC442F5D}.Debug|x64.Build.0 = Debug|x64
		{05C21E91-1FCD-4EA2-90AA-C9C5BC442F5D}.Debug|x64.Deploy.0 = Debug|x64
		{05C21E91-1FCD-4EA2-90AA-C9C5BC442F5D}.Debug|x86.ActiveCfg = Debug|x86
		{05C21E91-1FCD-4EA2-90AA-C9C5BC442F5D}.Debug|x86.Build.0 = Debug|x86
		{05C21E91-1FCD-4EA2-90AA-C9C5BC442F5D}.Debug|x86.Deploy.0 = Debug|x86
		{05C21E91-1FCD-4EA2-90AA-C9C5BC442F5D}.Release|Any CPU.ActiveCfg = Release|x86
		{05C21E91-1FCD-4EA2-90AA-C9C5BC442F5D}.Release|Any CPU.Build.0 = Release|x86
		{05C21E91-1FCD-4EA2-90AA-C9C5BC442F5D}.Release|Any CPU.Deploy.0 = Release|x86
		{05C21E91-1FCD-4EA2-90AA-C9C5BC442F5D}.Release|ARM.ActiveCfg = Release|ARM
		{05C21E91-1FCD-4EA2-90AA-C9C5BC442F5D}.Release|ARM.Build.0 = Release|ARM
		{05C21E91-1FCD-4EA2-90AA-C9C5BC442F5D}.Release|ARM.Deploy.0 = Release|ARM
		{05C21E91-1FCD-4EA2-90AA-C9C5BC442F5D}.Release|iPhone.ActiveCfg = Release|x86
		{05C21E91-1FCD-4EA2-90AA-C9C5BC442F5D}.Release|iPhone.Build.0 = Release|x86
		{05C21E91-1FCD-4EA2-90AA-C9C5BC442F5D}.Release|iPhone.Deploy.0 = Release|x86
		{05C21E91-1FCD-4EA2-90AA-C9C5BC442F5D}.Release|iPhoneSimulator.ActiveCfg = Release|x86
		{05C21E91-1FCD-4EA2-90AA-C9C5BC442F5D}.Release|iPhoneSimulator.Build.0 = Release|x86
		{05C21E91-1FCD-4EA2-90AA-C9C5BC442F5D}.Release|iPhoneSimulator.Deploy.0 = Release|x86
		{05C21E91-1FCD-4EA2-90AA-C9C5BC442F5D}.Release|x64.ActiveCfg = Release|x64
		{05C21E91-1FCD-4EA2-90AA-C9C5BC442F5D}.Release|x64.Build.0 = Release|x64
		{05C21E91-1FCD-4EA2-90AA-C9C5BC442F5D}.Release|x64.Deploy.0 = Release|x64
		{05C21E91-1FCD-4EA2-90AA-C9C5BC442F5D}.Release|x86.ActiveCfg = Release|x86
		{05C21E91-1FCD-4EA2-90AA-C9C5BC442F5D}.Release|x86.Build.0 = Release|x86
		{05C21E91-1FCD-4EA2-90AA-C9C5BC442F5D}.Release|x86.Deploy.0 = Release|x86
	EndGlobalSection
	GlobalSection(SolutionProperties) = preSolution
		HideSolutionNode = FALSE
	EndGlobalSection
	GlobalSection(ExtensibilityGlobals) = postSolution
		SolutionGuid = {CC5E001D-7332-4794-9B97-6AD71CC85E3A}
	EndGlobalSection
EndGlobal
